
Microsoft Visual Studio Solution File, Format Version 12.00
# Visual Studio 15
VisualStudioVersion = 15.0.28307.539
MinimumVisualStudioVersion = 10.0.40219.1
Project("{2150E333-8FDC-42A3-9474-1A3956D46DE8}") = "[0] Modelagem de Entidades", "[0] Modelagem de Entidades", "{C2A0E0E2-F2B6-49A7-BB94-5FFD5D29A9C4}"
EndProject
Project("{2150E333-8FDC-42A3-9474-1A3956D46DE8}") = "[1] Sistema", "[1] Sistema", "{3E768359-4DA1-4FCB-9397-5B338F447B41}"
EndProject
Project("{2150E333-8FDC-42A3-9474-1A3956D46DE8}") = "[1.1] Camada de Apresentacao", "[1.1] Camada de Apresentacao", "{4CAFDB81-3CB3-46E9-AFCC-0168DF6E6DF0}"
EndProject
Project("{2150E333-8FDC-42A3-9474-1A3956D46DE8}") = "[1.2] Camada de Servicos", "[1.2] Camada de Servicos", "{3D30948C-BFEC-41A1-B811-A68952FA2CE0}"
EndProject
Project("{2150E333-8FDC-42A3-9474-1A3956D46DE8}") = "[1.3] Camada de Regras de Negocio", "[1.3] Camada de Regras de Negocio", "{F9A515F8-EE21-4C81-9DE3-9E984A388FEB}"
EndProject
Project("{2150E333-8FDC-42A3-9474-1A3956D46DE8}") = "[1.4] Camada de Acesso a Dados", "[1.4] Camada de Acesso a Dados", "{9A79E3B1-F652-4D74-8DD5-3FE89693581D}"
EndProject
Project("{2150E333-8FDC-42A3-9474-1A3956D46DE8}") = "[1.3.1] Interfaces", "[1.3.1] Interfaces", "{729ECE73-C65F-4701-B50E-0409D8076354}"
EndProject
Project("{2150E333-8FDC-42A3-9474-1A3956D46DE8}") = "[1.3.2] Implementacoes", "[1.3.2] Implementacoes", "{77C92AD8-98F4-46C5-B4D4-63A8312732C5}"
EndProject
Project("{2150E333-8FDC-42A3-9474-1A3956D46DE8}") = "[1.4.1] Interfaces", "[1.4.1] Interfaces", "{F56BFFEE-55C0-457F-AF94-C1D1203CCF23}"
EndProject
Project("{2150E333-8FDC-42A3-9474-1A3956D46DE8}") = "[1.4.2] Implementacoes", "[1.4.2] Implementacoes", "{993DB8A2-BFAC-4834-9CC0-7B5CD2113992}"
EndProject
Project("{FAE04EC0-301F-11D3-BF4B-00C04F79EFBC}") = "Projeto.Entities", "Projeto.Entities\Projeto.Entities.csproj", "{E0FB073A-517C-4FF2-A408-156C910C8894}"
EndProject
Project("{FAE04EC0-301F-11D3-BF4B-00C04F79EFBC}") = "Projeto.Presentation", "Projeto.Presentation\Projeto.Presentation.csproj", "{06393361-CDD1-42CB-AF27-074B52CCE713}"
EndProject
Project("{FAE04EC0-301F-11D3-BF4B-00C04F79EFBC}") = "Projeto.Services", "Projeto.Services\Projeto.Services.csproj", "{3BE60CB5-5764-4F0F-A62F-50F60A063A5A}"
EndProject
Project("{FAE04EC0-301F-11D3-BF4B-00C04F79EFBC}") = "Projeto.Business.Contracts", "Projeto.Business.Contracts\Projeto.Business.Contracts.csproj", "{53D8322B-C177-4780-94BD-AF0CD9C0C97A}"
EndProject
Project("{FAE04EC0-301F-11D3-BF4B-00C04F79EFBC}") = "Projeto.Business.Impl", "Projeto.Business.Impl\Projeto.Business.Impl.csproj", "{FC5694E4-2009-48D8-8A93-919BA46A27EA}"
EndProject
Project("{FAE04EC0-301F-11D3-BF4B-00C04F79EFBC}") = "Projeto.Repository.Contracts", "Projeto.Repository.Contracts\Projeto.Repository.Contracts.csproj", "{411CC932-7B25-449B-B3E3-EF4B90A8A764}"
EndProject
Project("{FAE04EC0-301F-11D3-BF4B-00C04F79EFBC}") = "Projeto.Repository.Impl", "Projeto.Repository.Impl\Projeto.Repository.Impl.csproj", "{100FA4F2-AD4B-4CA5-A2C2-57141F336BBB}"
EndProject
Global
	GlobalSection(SolutionConfigurationPlatforms) = preSolution
		Debug|Any CPU = Debug|Any CPU
		Release|Any CPU = Release|Any CPU
	EndGlobalSection
	GlobalSection(ProjectConfigurationPlatforms) = postSolution
		{E0FB073A-517C-4FF2-A408-156C910C8894}.Debug|Any CPU.ActiveCfg = Debug|Any CPU
		{E0FB073A-517C-4FF2-A408-156C910C8894}.Debug|Any CPU.Build.0 = Debug|Any CPU
		{E0FB073A-517C-4FF2-A408-156C910C8894}.Release|Any CPU.ActiveCfg = Release|Any CPU
		{E0FB073A-517C-4FF2-A408-156C910C8894}.Release|Any CPU.Build.0 = Release|Any CPU
		{06393361-CDD1-42CB-AF27-074B52CCE713}.Debug|Any CPU.ActiveCfg = Debug|Any CPU
		{06393361-CDD1-42CB-AF27-074B52CCE713}.Debug|Any CPU.Build.0 = Debug|Any CPU
		{06393361-CDD1-42CB-AF27-074B52CCE713}.Release|Any CPU.ActiveCfg = Release|Any CPU
		{06393361-CDD1-42CB-AF27-074B52CCE713}.Release|Any CPU.Build.0 = Release|Any CPU
		{3BE60CB5-5764-4F0F-A62F-50F60A063A5A}.Debug|Any CPU.ActiveCfg = Debug|Any CPU
		{3BE60CB5-5764-4F0F-A62F-50F60A063A5A}.Debug|Any CPU.Build.0 = Debug|Any CPU
		{3BE60CB5-5764-4F0F-A62F-50F60A063A5A}.Release|Any CPU.ActiveCfg = Release|Any CPU
		{3BE60CB5-5764-4F0F-A62F-50F60A063A5A}.Release|Any CPU.Build.0 = Release|Any CPU
		{53D8322B-C177-4780-94BD-AF0CD9C0C97A}.Debug|Any CPU.ActiveCfg = Debug|Any CPU
		{53D8322B-C177-4780-94BD-AF0CD9C0C97A}.Debug|Any CPU.Build.0 = Debug|Any CPU
		{53D8322B-C177-4780-94BD-AF0CD9C0C97A}.Release|Any CPU.ActiveCfg = Release|Any CPU
		{53D8322B-C177-4780-94BD-AF0CD9C0C97A}.Release|Any CPU.Build.0 = Release|Any CPU
		{FC5694E4-2009-48D8-8A93-919BA46A27EA}.Debug|Any CPU.ActiveCfg = Debug|Any CPU
		{FC5694E4-2009-48D8-8A93-919BA46A27EA}.Debug|Any CPU.Build.0 = Debug|Any CPU
		{FC5694E4-2009-48D8-8A93-919BA46A27EA}.Release|Any CPU.ActiveCfg = Release|Any CPU
		{FC5694E4-2009-48D8-8A93-919BA46A27EA}.Release|Any CPU.Build.0 = Release|Any CPU
		{411CC932-7B25-449B-B3E3-EF4B90A8A764}.Debug|Any CPU.ActiveCfg = Debug|Any CPU
		{411CC932-7B25-449B-B3E3-EF4B90A8A764}.Debug|Any CPU.Build.0 = Debug|Any CPU
		{411CC932-7B25-449B-B3E3-EF4B90A8A764}.Release|Any CPU.ActiveCfg = Release|Any CPU
		{411CC932-7B25-449B-B3E3-EF4B90A8A764}.Release|Any CPU.Build.0 = Release|Any CPU
		{100FA4F2-AD4B-4CA5-A2C2-57141F336BBB}.Debug|Any CPU.ActiveCfg = Debug|Any CPU
		{100FA4F2-AD4B-4CA5-A2C2-57141F336BBB}.Debug|Any CPU.Build.0 = Debug|Any CPU
		{100FA4F2-AD4B-4CA5-A2C2-57141F336BBB}.Release|Any CPU.ActiveCfg = Release|Any CPU
		{100FA4F2-AD4B-4CA5-A2C2-57141F336BBB}.Release|Any CPU.Build.0 = Release|Any CPU
	EndGlobalSection
	GlobalSection(SolutionProperties) = preSolution
		HideSolutionNode = FALSE
	EndGlobalSection
	GlobalSection(NestedProjects) = preSolution
		{4CAFDB81-3CB3-46E9-AFCC-0168DF6E6DF0} = {3E768359-4DA1-4FCB-9397-5B338F447B41}
		{3D30948C-BFEC-41A1-B811-A68952FA2CE0} = {3E768359-4DA1-4FCB-9397-5B338F447B41}
		{F9A515F8-EE21-4C81-9DE3-9E984A388FEB} = {3E768359-4DA1-4FCB-9397-5B338F447B41}
		{9A79E3B1-F652-4D74-8DD5-3FE89693581D} = {3E768359-4DA1-4FCB-9397-5B338F447B41}
		{729ECE73-C65F-4701-B50E-0409D8076354} = {F9A515F8-EE21-4C81-9DE3-9E984A388FEB}
		{77C92AD8-98F4-46C5-B4D4-63A8312732C5} = {F9A515F8-EE21-4C81-9DE3-9E984A388FEB}
		{F56BFFEE-55C0-457F-AF94-C1D1203CCF23} = {9A79E3B1-F652-4D74-8DD5-3FE89693581D}
		{993DB8A2-BFAC-4834-9CC0-7B5CD2113992} = {9A79E3B1-F652-4D74-8DD5-3FE89693581D}
		{E0FB073A-517C-4FF2-A408-156C910C8894} = {C2A0E0E2-F2B6-49A7-BB94-5FFD5D29A9C4}
		{06393361-CDD1-42CB-AF27-074B52CCE713} = {4CAFDB81-3CB3-46E9-AFCC-0168DF6E6DF0}
		{3BE60CB5-5764-4F0F-A62F-50F60A063A5A} = {3D30948C-BFEC-41A1-B811-A68952FA2CE0}
		{53D8322B-C177-4780-94BD-AF0CD9C0C97A} = {729ECE73-C65F-4701-B50E-0409D8076354}
		{FC5694E4-2009-48D8-8A93-919BA46A27EA} = {77C92AD8-98F4-46C5-B4D4-63A8312732C5}
		{411CC932-7B25-449B-B3E3-EF4B90A8A764} = {F56BFFEE-55C0-457F-AF94-C1D1203CCF23}
		{100FA4F2-AD4B-4CA5-A2C2-57141F336BBB} = {993DB8A2-BFAC-4834-9CC0-7B5CD2113992}
	EndGlobalSection
	GlobalSection(ExtensibilityGlobals) = postSolution
		SolutionGuid = {43052EA6-8ED2-4E1D-836A-8C2B875B0E12}
	EndGlobalSection
EndGlobal
